
Microsoft Visual Studio Solution File, Format Version 12.00
# Visual Studio Version 17
VisualStudioVersion = 17.0.31903.59
MinimumVisualStudioVersion = 10.0.40219.1
Project("{2150E333-8FDC-42A3-9474-1A3956D46DE8}") = "src", "src", "{B4DE75D9-6F68-47D6-B9BC-0AEE3A5E57C0}"
EndProject
Project("{FAE04EC0-301F-11D3-BF4B-00C04F79EFBC}") = "Demo.Console", "src\Demo.Console\Demo.Console.csproj", "{5DAE536F-0968-466D-8EB4-1D417DC60281}"
EndProject
Global
	GlobalSection(SolutionConfigurationPlatforms) = preSolution
		Debug|Any CPU = Debug|Any CPU
		Release|Any CPU = Release|Any CPU
	EndGlobalSection
	GlobalSection(SolutionProperties) = preSolution
		HideSolutionNode = FALSE
	EndGlobalSection
	GlobalSection(ProjectConfigurationPlatforms) = postSolution
		{5DAE536F-0968-466D-8EB4-1D417DC60281}.Debug|Any CPU.ActiveCfg = Debug|Any CPU
		{5DAE536F-0968-466D-8EB4-1D417DC60281}.Debug|Any CPU.Build.0 = Debug|Any CPU
		{5DAE536F-0968-466D-8EB4-1D417DC60281}.Release|Any CPU.ActiveCfg = Release|Any CPU
		{5DAE536F-0968-466D-8EB4-1D417DC60281}.Release|Any CPU.Build.0 = Release|Any CPU
	EndGlobalSection
	GlobalSection(NestedProjects) = preSolution
		{5DAE536F-0968-466D-8EB4-1D417DC60281} = {B4DE75D9-6F68-47D6-B9BC-0AEE3A5E57C0}
	EndGlobalSection
EndGlobal
